{
    "_meta": {
        "hash": {
            "sha256": "94781f34fb00dc6eddeb72f4d059d41736db8b55855c468563d49107b1bc3771"
        },
        "pipfile-spec": 6,
        "requires": {
            "python_version": "3.12"
        },
        "sources": [
            {
                "name": "pypi",
                "url": "https://pypi.org/simple",
                "verify_ssl": true
            }
        ]
    },
    "default": {},
    "develop": {}
}
